
Microsoft Visual Studio Solution File, Format Version 12.00
# Visual Studio Version 17
VisualStudioVersion = 17.7.34009.444
MinimumVisualStudioVersion = 10.0.40219.1
Project("{FAE04EC0-301F-11D3-BF4B-00C04F79EFBC}") = "PetshopC#", "PetshopC#\PetshopC#.csproj", "{3B2CD704-DC6C-4B84-9167-97F74DC2C0AF}"
EndProject
Global
	GlobalSection(SolutionConfigurationPlatforms) = preSolution
		Debug|Any CPU = Debug|Any CPU
		Release|Any CPU = Release|Any CPU
	EndGlobalSection
	GlobalSection(ProjectConfigurationPlatforms) = postSolution
		{3B2CD704-DC6C-4B84-9167-97F74DC2C0AF}.Debug|Any CPU.ActiveCfg = Debug|Any CPU
		{3B2CD704-DC6C-4B84-9167-97F74DC2C0AF}.Debug|Any CPU.Build.0 = Debug|Any CPU
		{3B2CD704-DC6C-4B84-9167-97F74DC2C0AF}.Release|Any CPU.ActiveCfg = Release|Any CPU
		{3B2CD704-DC6C-4B84-9167-97F74DC2C0AF}.Release|Any CPU.Build.0 = Release|Any CPU
	EndGlobalSection
	GlobalSection(SolutionProperties) = preSolution
		HideSolutionNode = FALSE
	EndGlobalSection
	GlobalSection(ExtensibilityGlobals) = postSolution
		SolutionGuid = {1A95C745-B5F3-4E8F-8076-8DA0DA75EA86}
	EndGlobalSection
EndGlobal
